
Microsoft Visual Studio Solution File, Format Version 12.00
Project("{FAE04EC0-301F-11D3-BF4B-00C04F79EFBC}") = "Abm.Sparked.eRequesting.Demo.Common", "Abm.Sparked.eRequesting.Demo.Common\Abm.Sparked.eRequesting.Demo.Common.csproj", "{75D94B15-FCFD-46B0-9659-2D6A72CB502F}"
EndProject
Project("{FAE04EC0-301F-11D3-BF4B-00C04F79EFBC}") = "Abm.Sparked.eRequesting.Demo.Placer.Console", "Abm.Sparked.eRequesting.Demo.Placer.Console\Abm.Sparked.eRequesting.Demo.Placer.Console.csproj", "{17A0B473-0D94-490D-BB17-D05A4A05C089}"
EndProject
Project("{FAE04EC0-301F-11D3-BF4B-00C04F79EFBC}") = "Abm.Sparked.Common", "Abm.Sparked.Common\Abm.Sparked.Common.csproj", "{1D0AA7A1-E54A-48F2-ABDE-529D4347CCFC}"
EndProject
Project("{FAE04EC0-301F-11D3-BF4B-00C04F79EFBC}") = "Abm.Sparked.eRequesting.Demo.WebApp", "Abm.Sparked.eRequesting.Demo.WebApp\Abm.Sparked.eRequesting.Demo.WebApp.csproj", "{91A795C7-F2B1-48FE-9FB8-6A2149255A8D}"
EndProject
Project("{FAE04EC0-301F-11D3-BF4B-00C04F79EFBC}") = "Abm.Sparked.eRequesting.Demo.WebApp.Client", "Abm.Sparked.eRequesting.Demo.WebApp.Client\Abm.Sparked.eRequesting.Demo.WebApp.Client.csproj", "{265ACBDE-40CC-4E65-8D40-07F55A179722}"
EndProject
Global
	GlobalSection(SolutionConfigurationPlatforms) = preSolution
		Debug|Any CPU = Debug|Any CPU
		Release|Any CPU = Release|Any CPU
	EndGlobalSection
	GlobalSection(ProjectConfigurationPlatforms) = postSolution
		{75D94B15-FCFD-46B0-9659-2D6A72CB502F}.Debug|Any CPU.ActiveCfg = Debug|Any CPU
		{75D94B15-FCFD-46B0-9659-2D6A72CB502F}.Debug|Any CPU.Build.0 = Debug|Any CPU
		{75D94B15-FCFD-46B0-9659-2D6A72CB502F}.Release|Any CPU.ActiveCfg = Release|Any CPU
		{75D94B15-FCFD-46B0-9659-2D6A72CB502F}.Release|Any CPU.Build.0 = Release|Any CPU
		{17A0B473-0D94-490D-BB17-D05A4A05C089}.Debug|Any CPU.ActiveCfg = Debug|Any CPU
		{17A0B473-0D94-490D-BB17-D05A4A05C089}.Debug|Any CPU.Build.0 = Debug|Any CPU
		{17A0B473-0D94-490D-BB17-D05A4A05C089}.Release|Any CPU.ActiveCfg = Release|Any CPU
		{17A0B473-0D94-490D-BB17-D05A4A05C089}.Release|Any CPU.Build.0 = Release|Any CPU
		{1D0AA7A1-E54A-48F2-ABDE-529D4347CCFC}.Debug|Any CPU.ActiveCfg = Debug|Any CPU
		{1D0AA7A1-E54A-48F2-ABDE-529D4347CCFC}.Debug|Any CPU.Build.0 = Debug|Any CPU
		{1D0AA7A1-E54A-48F2-ABDE-529D4347CCFC}.Release|Any CPU.ActiveCfg = Release|Any CPU
		{1D0AA7A1-E54A-48F2-ABDE-529D4347CCFC}.Release|Any CPU.Build.0 = Release|Any CPU
		{91A795C7-F2B1-48FE-9FB8-6A2149255A8D}.Debug|Any CPU.ActiveCfg = Debug|Any CPU
		{91A795C7-F2B1-48FE-9FB8-6A2149255A8D}.Debug|Any CPU.Build.0 = Debug|Any CPU
		{91A795C7-F2B1-48FE-9FB8-6A2149255A8D}.Release|Any CPU.ActiveCfg = Release|Any CPU
		{91A795C7-F2B1-48FE-9FB8-6A2149255A8D}.Release|Any CPU.Build.0 = Release|Any CPU
		{265ACBDE-40CC-4E65-8D40-07F55A179722}.Debug|Any CPU.ActiveCfg = Debug|Any CPU
		{265ACBDE-40CC-4E65-8D40-07F55A179722}.Debug|Any CPU.Build.0 = Debug|Any CPU
		{265ACBDE-40CC-4E65-8D40-07F55A179722}.Release|Any CPU.ActiveCfg = Release|Any CPU
		{265ACBDE-40CC-4E65-8D40-07F55A179722}.Release|Any CPU.Build.0 = Release|Any CPU
	EndGlobalSection
EndGlobal
